
Microsoft Visual Studio Solution File, Format Version 12.00
# Visual Studio Version 17
VisualStudioVersion = 17.5.33516.290
MinimumVisualStudioVersion = 10.0.40219.1
Project("{FAE04EC0-301F-11D3-BF4B-00C04F79EFBC}") = "Task4", "Task4\Task4.csproj", "{983DFB92-6150-40A4-9D2D-1E5A36D59C5E}"
EndProject
Global
	GlobalSection(SolutionConfigurationPlatforms) = preSolution
		Debug|Any CPU = Debug|Any CPU
		Release|Any CPU = Release|Any CPU
	EndGlobalSection
	GlobalSection(ProjectConfigurationPlatforms) = postSolution
		{983DFB92-6150-40A4-9D2D-1E5A36D59C5E}.Debug|Any CPU.ActiveCfg = Debug|Any CPU
		{983DFB92-6150-40A4-9D2D-1E5A36D59C5E}.Debug|Any CPU.Build.0 = Debug|Any CPU
		{983DFB92-6150-40A4-9D2D-1E5A36D59C5E}.Release|Any CPU.ActiveCfg = Release|Any CPU
		{983DFB92-6150-40A4-9D2D-1E5A36D59C5E}.Release|Any CPU.Build.0 = Release|Any CPU
	EndGlobalSection
	GlobalSection(SolutionProperties) = preSolution
		HideSolutionNode = FALSE
	EndGlobalSection
	GlobalSection(ExtensibilityGlobals) = postSolution
		SolutionGuid = {CF7E5B1F-101D-476F-AF0F-D65A58D39625}
	EndGlobalSection
EndGlobal
